
Microsoft Visual Studio Solution File, Format Version 12.00
# Visual Studio Version 16
VisualStudioVersion = 16.0.31112.23
MinimumVisualStudioVersion = 10.0.40219.1
Project("{FAE04EC0-301F-11D3-BF4B-00C04F79EFBC}") = "18520020_Lab1", "18520020_Lab1\18520020_Lab1.csproj", "{5FAB606A-7BAF-4517-8C65-7874DAA62E50}"
EndProject
Project("{FAE04EC0-301F-11D3-BF4B-00C04F79EFBC}") = "18520020_Lab1.2", "18520020_Lab1.2\18520020_Lab1.2.csproj", "{D8A1027C-E3AC-4F5B-B7E5-37A140C5A26A}"
EndProject
Project("{FAE04EC0-301F-11D3-BF4B-00C04F79EFBC}") = "18520020_Lab1.3", "18520020_Lab1.3\18520020_Lab1.3.csproj", "{5CC27FF9-A659-4D36-807D-2690E3835A41}"
EndProject
Global
	GlobalSection(SolutionConfigurationPlatforms) = preSolution
		Debug|Any CPU = Debug|Any CPU
		Release|Any CPU = Release|Any CPU
	EndGlobalSection
	GlobalSection(ProjectConfigurationPlatforms) = postSolution
		{5FAB606A-7BAF-4517-8C65-7874DAA62E50}.Debug|Any CPU.ActiveCfg = Debug|Any CPU
		{5FAB606A-7BAF-4517-8C65-7874DAA62E50}.Debug|Any CPU.Build.0 = Debug|Any CPU
		{5FAB606A-7BAF-4517-8C65-7874DAA62E50}.Release|Any CPU.ActiveCfg = Release|Any CPU
		{5FAB606A-7BAF-4517-8C65-7874DAA62E50}.Release|Any CPU.Build.0 = Release|Any CPU
		{D8A1027C-E3AC-4F5B-B7E5-37A140C5A26A}.Debug|Any CPU.ActiveCfg = Debug|Any CPU
		{D8A1027C-E3AC-4F5B-B7E5-37A140C5A26A}.Debug|Any CPU.Build.0 = Debug|Any CPU
		{D8A1027C-E3AC-4F5B-B7E5-37A140C5A26A}.Release|Any CPU.ActiveCfg = Release|Any CPU
		{D8A1027C-E3AC-4F5B-B7E5-37A140C5A26A}.Release|Any CPU.Build.0 = Release|Any CPU
		{5CC27FF9-A659-4D36-807D-2690E3835A41}.Debug|Any CPU.ActiveCfg = Debug|Any CPU
		{5CC27FF9-A659-4D36-807D-2690E3835A41}.Debug|Any CPU.Build.0 = Debug|Any CPU
		{5CC27FF9-A659-4D36-807D-2690E3835A41}.Release|Any CPU.ActiveCfg = Release|Any CPU
		{5CC27FF9-A659-4D36-807D-2690E3835A41}.Release|Any CPU.Build.0 = Release|Any CPU
	EndGlobalSection
	GlobalSection(SolutionProperties) = preSolution
		HideSolutionNode = FALSE
	EndGlobalSection
	GlobalSection(ExtensibilityGlobals) = postSolution
		SolutionGuid = {44745477-E86A-47D8-A515-9037ED0A5D11}
	EndGlobalSection
EndGlobal
